
Microsoft Visual Studio Solution File, Format Version 12.00
# Visual Studio Version 16
VisualStudioVersion = 16.0.30717.126
MinimumVisualStudioVersion = 10.0.40219.1
Project("{FAE04EC0-301F-11D3-BF4B-00C04F79EFBC}") = "Phone Number Normalizer", "Phone Number Normalizer\Phone Number Normalizer.csproj", "{1263BD06-6DA4-4284-B5A0-17968D58DEE8}"
EndProject
Global
	GlobalSection(SolutionConfigurationPlatforms) = preSolution
		Debug|Any CPU = Debug|Any CPU
		Release|Any CPU = Release|Any CPU
	EndGlobalSection
	GlobalSection(ProjectConfigurationPlatforms) = postSolution
		{1263BD06-6DA4-4284-B5A0-17968D58DEE8}.Debug|Any CPU.ActiveCfg = Debug|Any CPU
		{1263BD06-6DA4-4284-B5A0-17968D58DEE8}.Debug|Any CPU.Build.0 = Debug|Any CPU
		{1263BD06-6DA4-4284-B5A0-17968D58DEE8}.Release|Any CPU.ActiveCfg = Release|Any CPU
		{1263BD06-6DA4-4284-B5A0-17968D58DEE8}.Release|Any CPU.Build.0 = Release|Any CPU
	EndGlobalSection
	GlobalSection(SolutionProperties) = preSolution
		HideSolutionNode = FALSE
	EndGlobalSection
	GlobalSection(ExtensibilityGlobals) = postSolution
		SolutionGuid = {23A1BAC0-965D-4E24-821D-2D96BD6E270E}
	EndGlobalSection
EndGlobal
